
Microsoft Visual Studio Solution File, Format Version 12.00
# Visual Studio 2012
Project("{FAE04EC0-301F-11D3-BF4B-00C04F79EFBC}") = "AppCheckBox", "AppCheckBox\AppCheckBox.csproj", "{FE02381D-A166-4735-B845-DAC0D00A1EE6}"
EndProject
Global
	GlobalSection(SolutionConfigurationPlatforms) = preSolution
		Debug|Any CPU = Debug|Any CPU
		Release|Any CPU = Release|Any CPU
	EndGlobalSection
	GlobalSection(ProjectConfigurationPlatforms) = postSolution
		{FE02381D-A166-4735-B845-DAC0D00A1EE6}.Debug|Any CPU.ActiveCfg = Debug|Any CPU
		{FE02381D-A166-4735-B845-DAC0D00A1EE6}.Debug|Any CPU.Build.0 = Debug|Any CPU
		{FE02381D-A166-4735-B845-DAC0D00A1EE6}.Release|Any CPU.ActiveCfg = Release|Any CPU
		{FE02381D-A166-4735-B845-DAC0D00A1EE6}.Release|Any CPU.Build.0 = Release|Any CPU
	EndGlobalSection
	GlobalSection(SolutionProperties) = preSolution
		HideSolutionNode = FALSE
	EndGlobalSection
EndGlobal
