
Microsoft Visual Studio Solution File, Format Version 12.00
# Visual Studio 2012
Project("{FAE04EC0-301F-11D3-BF4B-00C04F79EFBC}") = "Appwhile4", "Appwhile4\Appwhile4.csproj", "{0A83FBC1-C5DE-4B9C-AF7B-833F02C25836}"
EndProject
Global
	GlobalSection(SolutionConfigurationPlatforms) = preSolution
		Debug|Any CPU = Debug|Any CPU
		Release|Any CPU = Release|Any CPU
	EndGlobalSection
	GlobalSection(ProjectConfigurationPlatforms) = postSolution
		{0A83FBC1-C5DE-4B9C-AF7B-833F02C25836}.Debug|Any CPU.ActiveCfg = Debug|Any CPU
		{0A83FBC1-C5DE-4B9C-AF7B-833F02C25836}.Debug|Any CPU.Build.0 = Debug|Any CPU
		{0A83FBC1-C5DE-4B9C-AF7B-833F02C25836}.Release|Any CPU.ActiveCfg = Release|Any CPU
		{0A83FBC1-C5DE-4B9C-AF7B-833F02C25836}.Release|Any CPU.Build.0 = Release|Any CPU
	EndGlobalSection
	GlobalSection(SolutionProperties) = preSolution
		HideSolutionNode = FALSE
	EndGlobalSection
EndGlobal
